lockfileVersion: '9.0'

settings:
  autoInstallPeers: true
  excludeLinksFromLockfile: false

importers:

  .:
    devDependencies:
      typescript:
        specifier: ^5.3.3
        version: 5.9.3

  apps/frontend:
    dependencies:
      '@polkadot/api':
        specifier: ^16.0.0
        version: 16.5.4
      '@polkadot/extension-dapp':
        specifier: ^0.62.0
        version: 0.62.6(@polkadot/api@16.5.4)(@polkadot/util-crypto@14.0.1(@polkadot/util@14.0.1))(@polkadot/util@14.0.1)
      '@polkadot/keyring':
        specifier: ^14.0.0
        version: 14.0.1(@polkadot/util-crypto@14.0.1(@polkadot/util@14.0.1))(@polkadot/util@14.0.1)
      '@polkadot/util':
        specifier: ^14.0.0
        version: 14.0.1
      '@polkadot/util-crypto':
        specifier: ^14.0.0
        version: 14.0.1(@polkadot/util@14.0.1)
      next:
        specifier: ^14.1.0
        version: 14.2.35(react-dom@18.3.1(react@18.3.1))(react@18.3.1)
      react:
        specifier: ^18.2.0
        version: 18.3.1
      react-dom:
        specifier: ^18.2.0
        version: 18.3.1(react@18.3.1)
    devDependencies:
      '@types/node':
        specifier: ^20.11.0
        version: 20.19.32
      '@types/react':
        specifier: ^18.2.0
        version: 18.3.28
      '@types/react-dom':
        specifier: ^18.2.0
        version: 18.3.7(@types/react@18.3.28)
      typescript:
        specifier: ^5.3.3
        version: 5.9.3

packages:

  '@next/env@14.2.35':
    resolution: {integrity: sha512-DuhvCtj4t9Gwrx80dmz2F4t/zKQ4ktN8WrMwOuVzkJfBilwAwGr6v16M5eI8yCuZ63H9TTuEU09Iu2HqkzFPVQ==}

  '@next/swc-darwin-arm64@14.2.33':
    resolution: {integrity: sha512-HqYnb6pxlsshoSTubdXKu15g3iivcbsMXg4bYpjL2iS/V6aQot+iyF4BUc2qA/J/n55YtvE4PHMKWBKGCF/+wA==}
    engines: {node: '>= 10'}
    cpu: [arm64]
    os: [darwin]

  '@next/swc-darwin-x64@14.2.33':
    resolution: {integrity: sha512-8HGBeAE5rX3jzKvF593XTTFg3gxeU4f+UWnswa6JPhzaR6+zblO5+fjltJWIZc4aUalqTclvN2QtTC37LxvZAA==}
    engines: {node: '>= 10'}
    cpu: [x64]
    os: [darwin]

  '@next/swc-linux-arm64-gnu@14.2.33':
    resolution: {integrity: sha512-JXMBka6lNNmqbkvcTtaX8Gu5by9547bukHQvPoLe9VRBx1gHwzf5tdt4AaezW85HAB3pikcvyqBToRTDA4DeLw==}
    engines: {node: '>= 10'}
    cpu: [arm64]
    os: [linux]
    libc: [glibc]

  '@next/swc-linux-arm64-musl@14.2.33':
    resolution: {integrity: sha512-Bm+QulsAItD/x6Ih8wGIMfRJy4G73tu1HJsrccPW6AfqdZd0Sfm5Imhgkgq2+kly065rYMnCOxTBvmvFY1BKfg==}
    engines: {node: '>= 10'}
    cpu: [arm64]
    os: [linux]
    libc: [musl]

  '@next/swc-linux-x64-gnu@14.2.33':
    resolution: {integrity: sha512-FnFn+ZBgsVMbGDsTqo8zsnRzydvsGV8vfiWwUo1LD8FTmPTdV+otGSWKc4LJec0oSexFnCYVO4hX8P8qQKaSlg==}
    engines: {node: '>= 10'}
    cpu: [x64]
    os: [linux]
    libc: [glibc]

  '@next/swc-linux-x64-musl@14.2.33':
    resolution: {integrity: sha512-345tsIWMzoXaQndUTDv1qypDRiebFxGYx9pYkhwY4hBRaOLt8UGfiWKr9FSSHs25dFIf8ZqIFaPdy5MljdoawA==}
    engines: {node: '>= 10'}
    cpu: [x64]
    os: [linux]
    libc: [musl]

  '@next/swc-win32-arm64-msvc@14.2.33':
    resolution: {integrity: sha512-nscpt0G6UCTkrT2ppnJnFsYbPDQwmum4GNXYTeoTIdsmMydSKFz9Iny2jpaRupTb+Wl298+Rh82WKzt9LCcqSQ==}
    engines: {node: '>= 10'}
    cpu: [arm64]
    os: [win32]

  '@next/swc-win32-ia32-msvc@14.2.33':
    resolution: {integrity: sha512-pc9LpGNKhJ0dXQhZ5QMmYxtARwwmWLpeocFmVG5Z0DzWq5Uf0izcI8tLc+qOpqxO1PWqZ5A7J1blrUIKrIFc7Q==}
    engines: {node: '>= 10'}
    cpu: [ia32]
    os: [win32]

  '@next/swc-win32-x64-msvc@14.2.33':
    resolution: {integrity: sha512-nOjfZMy8B94MdisuzZo9/57xuFVLHJaDj5e/xrduJp9CV2/HrfxTRH2fbyLe+K9QT41WBLUd4iXX3R7jBp0EUg==}
    engines: {node: '>= 10'}
    cpu: [x64]
    os: [win32]

  '@noble/curves@1.9.7':
    resolution: {integrity: sha512-gbKGcRUYIjA3/zCCNaWDciTMFI0dCkvou3TL8Zmy5Nc7sJ47a0jtOeZoTaMxkuqRo9cRhjOdZJXegxYE5FN/xw==}
    engines: {node: ^14.21.3 || >=16}

  '@noble/hashes@1.8.0':
    resolution: {integrity: sha512-jCs9ldd7NwzpgXDIf6P3+NrHh9/sD6CQdxHyjQI+h/6rDNo88ypBxxz45UDuZHz9r3tNz7N/VInSVoVdtXEI4A==}
    engines: {node: ^14.21.3 || >=16}

  '@polkadot-api/json-rpc-provider-proxy@0.1.0':
    resolution: {integrity: sha512-8GSFE5+EF73MCuLQm8tjrbCqlgclcHBSRaswvXziJ0ZW7iw3UEMsKkkKvELayWyBuOPa2T5i1nj6gFOeIsqvrg==}

  '@polkadot-api/json-rpc-provider@0.0.1':
    resolution: {integrity: sha512-/SMC/l7foRjpykLTUTacIH05H3mr9ip8b5xxfwXlVezXrNVLp3Cv0GX6uItkKd+ZjzVPf3PFrDF2B2/HLSNESA==}

  '@polkadot-api/metadata-builders@0.3.2':
    resolution: {integrity: sha512-TKpfoT6vTb+513KDzMBTfCb/ORdgRnsS3TDFpOhAhZ08ikvK+hjHMt5plPiAX/OWkm1Wc9I3+K6W0hX5Ab7MVg==}

  '@polkadot-api/observable-client@0.3.2':
    resolution: {integrity: sha512-HGgqWgEutVyOBXoGOPp4+IAq6CNdK/3MfQJmhCJb8YaJiaK4W6aRGrdQuQSTPHfERHCARt9BrOmEvTXAT257Ug==}
    peerDependencies:
      '@polkadot-api/substrate-client': 0.1.4
      rxjs: '>=7.8.0'

  '@polkadot-api/substrate-bindings@0.6.0':
    resolution: {integrity: sha512-lGuhE74NA1/PqdN7fKFdE5C1gNYX357j1tWzdlPXI0kQ7h3kN0zfxNOpPUN7dIrPcOFZ6C0tRRVrBylXkI6xPw==}

  '@polkadot-api/substrate-client@0.1.4':
    resolution: {integrity: sha512-MljrPobN0ZWTpn++da9vOvt+Ex+NlqTlr/XT7zi9sqPtDJiQcYl+d29hFAgpaeTqbeQKZwz3WDE9xcEfLE8c5A==}

  '@polkadot-api/utils@0.1.0':
    resolution: {integrity: sha512-MXzWZeuGxKizPx2Xf/47wx9sr/uxKw39bVJUptTJdsaQn/TGq+z310mHzf1RCGvC1diHM8f593KrnDgc9oNbJA==}

  '@polkadot/api-augment@16.5.4':
    resolution: {integrity: sha512-9FTohz13ih458V2JBFjRACKHPqfM6j4bmmTbcSaE7hXcIOYzm4ABFo7xq5osLyvItganjsICErL2vRn2zULycw==}
    engines: {node: '>=18'}

  '@polkadot/api-base@16.5.4':
    resolution: {integrity: sha512-V69v3ieg5+91yRUCG1vFRSLr7V7MvHPvo/QrzleIUu8tPXWldJ0kyXbWKHVNZEpVBA9LpjGvII+MHUW7EaKMNg==}
    engines: {node: '>=18'}

  '@polkadot/api-derive@16.5.4':
    resolution: {integrity: sha512-0JP2a6CaqTviacHsmnUKF4VLRsKdYOzQCqdL9JpwY/QBz/ZLqIKKPiSRg285EVLf8n/hWdTfxbWqQCsRa5NL+Q==}
    engines: {node: '>=18'}

  '@polkadot/api@16.5.4':
    resolution: {integrity: sha512-mX1fwtXCBAHXEyZLSnSrMDGP+jfU2rr7GfDVQBz0cBY1nmY8N34RqPWGrZWj8o4DxVu1DQ91sGncOmlBwEl0Qg==}
    engines: {node: '>=18'}

  '@polkadot/extension-dapp@0.62.6':
    resolution: {integrity: sha512-g4RWsKbH///iz/Cp5axNyJ+t/k9oTtoP3ND6ErkqDPMq6JUHwTE+D1RYIxnto7UgMei/gGQXBT6xIeUwhfY5tw==}
    engines: {node: '>=18'}
    peerDependencies:
      '@polkadot/api': '*'
      '@polkadot/util': '*'
      '@polkadot/util-crypto': '*'

  '@polkadot/extension-inject@0.62.6':
    resolution: {integrity: sha512-CC7OS2WwUqEqQwORHehT6+fvS9KzFXtzoRsKLfo1yfWXUgcGMI4VYSMGKEX9sllktkvuc0ww4Ct5NIygsGNf2w==}
    engines: {node: '>=18'}
    peerDependencies:
      '@polkadot/api': '*'
      '@polkadot/util': '*'

  '@polkadot/keyring@14.0.1':
    resolution: {integrity: sha512-kHydQPCeTvJrMC9VQO8LPhAhTUxzxfNF1HEknhZDBPPsxP/XpkYsEy/Ln1QzJmQqD5VsgwzLDE6cExbJ2CT9CA==}
    engines: {node: '>=18'}
    peerDependencies:
      '@polkadot/util': 14.0.1
      '@polkadot/util-crypto': 14.0.1

  '@polkadot/networks@13.5.9':
    resolution: {integrity: sha512-nmKUKJjiLgcih0MkdlJNMnhEYdwEml2rv/h59ll2+rAvpsVWMTLCb6Cq6q7UC44+8kiWK2UUJMkFU+3PFFxndA==}
    engines: {node: '>=18'}

  '@polkadot/networks@14.0.1':
    resolution: {integrity: sha512-wGlBtXDkusRAj4P7uxfPz80gLO1+j99MLBaQi3bEym2xrFrFhgIWVHOZlBit/1PfaBjhX2Z8XjRxaM2w1p7w2w==}
    engines: {node: '>=18'}

  '@polkadot/rpc-augment@16.5.4':
    resolution: {integrity: sha512-j9v3Ttqv/EYGezHtVksGJAFZhE/4F7LUWooOazh/53ATowMby3lZUdwInrK6bpYmG2whmYMw/Fo283fwDroBtQ==}
    engines: {node: '>=18'}

  '@polkadot/rpc-core@16.5.4':
    resolution: {integrity: sha512-92LOSTWujPjtmKOPvfCPs8rAaPFU+18wTtkIzwPwKxvxkN/SWsYSGIxmsoags9ramyHB6jp7Lr59TEuGMxIZzQ==}
    engines: {node: '>=18'}

  '@polkadot/rpc-provider@16.5.4':
    resolution: {integrity: sha512-mNAIBRA3jMvpnHsuqAX4InHSIqBdgxFD6ayVUFFAzOX8Fh6Xpd4RdI1dqr6a1pCzjnPSby4nbg+VuadWwauVtg==}
    engines: {node: '>=18'}

  '@polkadot/types-augment@16.5.4':
    resolution: {integrity: sha512-AGjXR+Q9O9UtVkGw/HuOXlbRqVpvG6H8nr+taXP71wuC6RD9gznFBFBqoNkfWHD2w89esNVQLTvXHVxlLpTXqA==}
    engines: {node: '>=18'}

  '@polkadot/types-codec@16.5.4':
    resolution: {integrity: sha512-OQtT1pmJu2F3/+Vh1OiXifKoeRy+CU1+Lu7dgTcdO705dnxU4447Zup5JVCJDnxBmMITts/38vbFN2pD225AnA==}
    engines: {node: '>=18'}

  '@polkadot/types-create@16.5.4':
    resolution: {integrity: sha512-URQnvr/sgvgIRSxIW3lmml6HMSTRRj2hTZIm6nhMTlYSVT4rLWx0ZbYUAjoPBbaJ+BmoqZ6Bbs+tA+5cQViv5Q==}
    engines: {node: '>=18'}

  '@polkadot/types-known@16.5.4':
    resolution: {integrity: sha512-Dd59y4e3AFCrH9xiqMU4xlG5+Zy0OTy7GQvqJVYXZFyAH+4HYDlxXjJGcSidGAmJcclSYfS3wyEkfw+j1EOVEw==}
    engines: {node: '>=18'}

  '@polkadot/types-support@16.5.4':
    resolution: {integrity: sha512-Ra6keCaO73ibxN6MzA56jFq9EReje7jjE4JQfzV5IpyDZdXcmPyJiEfa2Yps/YSP13Gc2e38t9FFyVau0V+SFQ==}
    engines: {node: '>=18'}

  '@polkadot/types@16.5.4':
    resolution: {integrity: sha512-8Oo1QWaL0DkIc/n2wKBIozPWug/0b2dPVhL+XrXHxJX7rIqS0x8sXDRbM9r166sI0nTqJiUho7pRIkt2PR/DMQ==}
    engines: {node: '>=18'}

  '@polkadot/util-crypto@13.5.9':
    resolution: {integrity: sha512-foUesMhxkTk8CZ0/XEcfvHk6I0O+aICqqVJllhOpyp/ZVnrTBKBf59T6RpsXx2pCtBlMsLRvg/6Mw7RND1HqDg==}
    engines: {node: '>=18'}
    peerDependencies:
      '@polkadot/util': 13.5.9

  '@polkadot/util-crypto@14.0.1':
    resolution: {integrity: sha512-Cu7AKUzBTsUkbOtyuNzXcTpDjR9QW0fVR56o3gBmzfUCmvO1vlsuGzmmPzqpHymQQ3rrfqV78CPs62EGhw0R+A==}
    engines: {node: '>=18'}
    peerDependencies:
      '@polkadot/util': 14.0.1

  '@polkadot/util@13.5.9':
    resolution: {integrity: sha512-pIK3XYXo7DKeFRkEBNYhf3GbCHg6dKQisSvdzZwuyzA6m7YxQq4DFw4IE464ve4Z7WsJFt3a6C9uII36hl9EWw==}
    engines: {node: '>=18'}

  '@polkadot/util@14.0.1':
    resolution: {integrity: sha512-764HhxkPV3x5rM0/p6QdynC2dw26n+SaE+jisjx556ViCd4E28Ke4xSPef6C0Spy4aoXf2gt0PuLEcBvd6fVZg==}
    engines: {node: '>=18'}

  '@polkadot/wasm-bridge@7.5.4':
    resolution: {integrity: sha512-6xaJVvoZbnbgpQYXNw9OHVNWjXmtcoPcWh7hlwx3NpfiLkkjljj99YS+XGZQlq7ks2fVCg7FbfknkNb8PldDaA==}
    engines: {node: '>=18'}
    peerDependencies:
      '@polkadot/util': '*'
      '@polkadot/x-randomvalues': '*'

  '@polkadot/wasm-crypto-asmjs@7.5.4':
    resolution: {integrity: sha512-ZYwxQHAJ8pPt6kYk9XFmyuFuSS+yirJLonvP+DYbxOrARRUHfN4nzp4zcZNXUuaFhpbDobDSFn6gYzye6BUotA==}
    engines: {node: '>=18'}
    peerDependencies:
      '@polkadot/util': '*'

  '@polkadot/wasm-crypto-init@7.5.4':
    resolution: {integrity: sha512-U6s4Eo2rHs2n1iR01vTz/sOQ7eOnRPjaCsGWhPV+ZC/20hkVzwPAhiizu/IqMEol4tO2yiSheD4D6bn0KxUJhg==}
    engines: {node: '>=18'}
    peerDependencies:
      '@polkadot/util': '*'
      '@polkadot/x-randomvalues': '*'

  '@polkadot/wasm-crypto-wasm@7.5.4':
    resolution: {integrity: sha512-PsHgLsVTu43eprwSvUGnxybtOEuHPES6AbApcs7y5ZbM2PiDMzYbAjNul098xJK/CPtrxZ0ePDFnaQBmIJyTFw==}
    engines: {node: '>=18'}
    peerDependencies:
      '@polkadot/util': '*'

  '@polkadot/wasm-crypto@7.5.4':
    resolution: {integrity: sha512-1seyClxa7Jd7kQjfnCzTTTfYhTa/KUTDUaD3DMHBk5Q4ZUN1D1unJgX+v1aUeXSPxmzocdZETPJJRZjhVOqg9g==}
    engines: {node: '>=18'}
    peerDependencies:
      '@polkadot/util': '*'
      '@polkadot/x-randomvalues': '*'

  '@polkadot/wasm-util@7.5.4':
    resolution: {integrity: sha512-hqPpfhCpRAqCIn/CYbBluhh0TXmwkJnDRjxrU9Bnqtw9nMNa97D8JuOjdd2pi0rxm+eeLQ/f1rQMp71RMM9t4w==}
    engines: {node: '>=18'}
    peerDependencies:
      '@polkadot/util': '*'

  '@polkadot/x-bigint@13.5.9':
    resolution: {integrity: sha512-JVW6vw3e8fkcRyN9eoc6JIl63MRxNQCP/tuLdHWZts1tcAYao0hpWUzteqJY93AgvmQ91KPsC1Kf3iuuZCi74g==}
    engines: {node: '>=18'}

  '@polkadot/x-bigint@14.0.1':
    resolution: {integrity: sha512-gfozjGnebr2rqURs31KtaWumbW4rRZpbiluhlmai6luCNrf5u8pB+oLA35kPEntrsLk9PnIG9OsC/n4hEtx4OQ==}
    engines: {node: '>=18'}

  '@polkadot/x-fetch@14.0.1':
    resolution: {integrity: sha512-yFsnO0xfkp3bIcvH70ZvmeUINYH1YnjOIS1B430f3w6axkqKhAOWCgzzKGMSRgn4dtm3YgwMBKPQ4nyfIsGOJQ==}
    engines: {node: '>=18'}

  '@polkadot/x-global@13.5.9':
    resolution: {integrity: sha512-zSRWvELHd3Q+bFkkI1h2cWIqLo1ETm+MxkNXLec3lB56iyq/MjWBxfXnAFFYFayvlEVneo7CLHcp+YTFd9aVSA==}
    engines: {node: '>=18'}

  '@polkadot/x-global@14.0.1':
    resolution: {integrity: sha512-aCI44DJU4fU0XXqrrSGIpi7JrZXK2kpe0jaQ2p6oDVXOOYEnZYXnMhTTmBE1lF/xtxzX50MnZrrU87jziU0qbA==}
    engines: {node: '>=18'}

  '@polkadot/x-randomvalues@13.5.9':
    resolution: {integrity: sha512-Uuuz3oubf1JCCK97fsnVUnHvk4BGp/W91mQWJlgl5TIOUSSTIRr+lb5GurCfl4kgnQq53Zi5fJV+qR9YumbnZw==}
    engines: {node: '>=18'}
    peerDependencies:
      '@polkadot/util': 13.5.9
      '@polkadot/wasm-util': '*'

  '@polkadot/x-randomvalues@14.0.1':
    resolution: {integrity: sha512-/XkQcvshzJLHITuPrN3zmQKuFIPdKWoaiHhhVLD6rQWV60lTXA3ajw3ocju8ZN7xRxnweMS9Ce0kMPYa0NhRMg==}
    engines: {node: '>=18'}
    peerDependencies:
      '@polkadot/util': 14.0.1
      '@polkadot/wasm-util': '*'

  '@polkadot/x-textdecoder@13.5.9':
    resolution: {integrity: sha512-W2HhVNUbC/tuFdzNMbnXAWsIHSg9SC9QWDNmFD3nXdSzlXNgL8NmuiwN2fkYvCQBtp/XSoy0gDLx0C+Fo19cfw==}
    engines: {node: '>=18'}

  '@polkadot/x-textdecoder@14.0.1':
    resolution: {integrity: sha512-CcWiPCuPVJsNk4Vq43lgFHqLRBQHb4r9RD7ZIYgmwoebES8TNm4g2ew9ToCzakFKSpzKu6I07Ne9wv/dt5zLuw==}
    engines: {node: '>=18'}

  '@polkadot/x-textencoder@13.5.9':
    resolution: {integrity: sha512-SG0MHnLUgn1ZxFdm0KzMdTHJ47SfqFhdIPMcGA0Mg/jt2rwrfrP3jtEIJMsHfQpHvfsNPfv55XOMmoPWuQnP/Q==}
    engines: {node: '>=18'}

  '@polkadot/x-textencoder@14.0.1':
    resolution: {integrity: sha512-VY51SpQmF1ccmAGLfxhYnAe95Spfz049WZ/+kK4NfsGF9WejxVdU53Im5C80l45r8qHuYQsCWU3+t0FNunh2Kg==}
    engines: {node: '>=18'}

  '@polkadot/x-ws@14.0.1':
    resolution: {integrity: sha512-Q18hoSuOl7F4aENNGNt9XYxkrjwZlC6xye9OQrPDeHam1SrvflGv9mSZHyo+mwJs0z1PCz2STpPEN9PKfZvHng==}
    engines: {node: '>=18'}

  '@scure/base@1.2.6':
    resolution: {integrity: sha512-g/nm5FgUa//MCj1gV09zTJTaM6KBAHqLN907YVQqf7zC49+DcO4B1so4ZX07Ef10Twr6nuqYEH9GEggFXA4Fmg==}

  '@scure/sr25519@0.2.0':
    resolution: {integrity: sha512-uUuLP7Z126XdSizKtrCGqYyR3b3hYtJ6Fg/XFUXmc2//k2aXHDLqZwFeXxL97gg4XydPROPVnuaHGF2+xriSKg==}

  '@substrate/connect-extension-protocol@2.2.2':
    resolution: {integrity: sha512-t66jwrXA0s5Goq82ZtjagLNd7DPGCNjHeehRlE/gcJmJ+G56C0W+2plqOMRicJ8XGR1/YFnUSEqUFiSNbjGrAA==}

  '@substrate/connect-known-chains@1.10.3':
    resolution: {integrity: sha512-OJEZO1Pagtb6bNE3wCikc2wrmvEU5x7GxFFLqqbz1AJYYxSlrPCGu4N2og5YTExo4IcloNMQYFRkBGue0BKZ4w==}

  '@substrate/connect@0.8.11':
    resolution: {integrity: sha512-ofLs1PAO9AtDdPbdyTYj217Pe+lBfTLltdHDs3ds8no0BseoLeAGxpz1mHfi7zB4IxI3YyAiLjH6U8cw4pj4Nw==}
    deprecated: versions below 1.x are no longer maintained

  '@substrate/light-client-extension-helpers@1.0.0':
    resolution: {integrity: sha512-TdKlni1mBBZptOaeVrKnusMg/UBpWUORNDv5fdCaJklP4RJiFOzBCrzC+CyVI5kQzsXBisZ+2pXm+rIjS38kHg==}
    peerDependencies:
      smoldot: 2.x

  '@substrate/ss58-registry@1.51.0':
    resolution: {integrity: sha512-TWDurLiPxndFgKjVavCniytBIw+t4ViOi7TYp9h/D0NMmkEc9klFTo+827eyEJ0lELpqO207Ey7uGxUa+BS1jQ==}

  '@swc/counter@0.1.3':
    resolution: {integrity: sha512-e2BR4lsJkkRlKZ/qCHPw9ZaSxc0MVUd7gtbtaB7aMvHeJVYe8sOB8DBZkP2DtISHGSku9sCK6T6cnY0CtXrOCQ==}

  '@swc/helpers@0.5.5':
    resolution: {integrity: sha512-KGYxvIOXcceOAbEk4bi/dVLEK9z8sZ0uBB3Il5b1rhfClSpcX0yfRO0KmTkqR2cnQDymwLB+25ZyMzICg/cm/A==}

  '@types/bn.js@5.2.0':
    resolution: {integrity: sha512-DLbJ1BPqxvQhIGbeu8VbUC1DiAiahHtAYvA0ZEAa4P31F7IaArc8z3C3BRQdWX4mtLQuABG4yzp76ZrS02Ui1Q==}

  '@types/node@20.19.32':
    resolution: {integrity: sha512-Ez8QE4DMfhjjTsES9K2dwfV258qBui7qxUsoaixZDiTzbde4U12e1pXGNu/ECsUIOi5/zoCxAQxIhQnaUQ2VvA==}

  '@types/prop-types@15.7.15':
    resolution: {integrity: sha512-F6bEyamV9jKGAFBEmlQnesRPGOQqS2+Uwi0Em15xenOxHaf2hv6L8YCVn3rPdPJOiJfPiCnLIRyvwVaqMY3MIw==}

  '@types/react-dom@18.3.7':
    resolution: {integrity: sha512-MEe3UeoENYVFXzoXEWsvcpg6ZvlrFNlOQ7EOsvhI3CfAXwzPfO8Qwuxd40nepsYKqyyVQnTdEfv68q91yLcKrQ==}
    peerDependencies:
      '@types/react': ^18.0.0

  '@types/react@18.3.28':
    resolution: {integrity: sha512-z9VXpC7MWrhfWipitjNdgCauoMLRdIILQsAEV+ZesIzBq/oUlxk0m3ApZuMFCXdnS4U7KrI+l3WRUEGQ8K1QKw==}

  bn.js@5.2.2:
    resolution: {integrity: sha512-v2YAxEmKaBLahNwE1mjp4WON6huMNeuDvagFZW+ASCuA/ku0bXR9hSMw0XpiqMoA3+rmnyck/tPRSFQkoC9Cuw==}

  busboy@1.6.0:
    resolution: {integrity: sha512-8SFQbg/0hQ9xy3UNTB0YEnsNBbWfhf7RtnzpL7TkBiTBRfrQ9Fxcnz7VJsleJpyp6rVLvXiuORqjlHi5q+PYuA==}
    engines: {node: '>=10.16.0'}

  caniuse-lite@1.0.30001769:
    resolution: {integrity: sha512-BCfFL1sHijQlBGWBMuJyhZUhzo7wer5sVj9hqekB/7xn0Ypy+pER/edCYQm4exbXj4WiySGp40P8UuTh6w1srg==}

  client-only@0.0.1:
    resolution: {integrity: sha512-IV3Ou0jSMzZrd3pZ48nLkT9DA7Ag1pnPzaiQhpW7c3RbcqqzvzzVu+L8gfqMp/8IM2MQtSiqaCxrrcfu8I8rMA==}

  csstype@3.2.3:
    resolution: {integrity: sha512-z1HGKcYy2xA8AGQfwrn0PAy+PB7X/GSj3UVJW9qKyn43xWa+gl5nXmU4qqLMRzWVLFC8KusUX8T/0kCiOYpAIQ==}

  data-uri-to-buffer@4.0.1:
    resolution: {integrity: sha512-0R9ikRb668HB7QDxT1vkpuUBtqc53YyAwMwGeUFKRojY/NWKvdZ+9UYtRfGmhqNbRkTSVpMbmyhXipFFv2cb/A==}
    engines: {node: '>= 12'}

  debug@4.4.3:
    resolution: {integrity: sha512-RGwwWnwQvkVfavKVt22FGLw+xYSdzARwm0ru6DhTVA3umU5hZc28V3kO4stgYryrTlLpuvgI9GiijltAjNbcqA==}
    engines: {node: '>=6.0'}
    peerDependencies:
      supports-color: '*'
    peerDependenciesMeta:
      supports-color:
        optional: true

  eventemitter3@5.0.4:
    resolution: {integrity: sha512-mlsTRyGaPBjPedk6Bvw+aqbsXDtoAyAzm5MO7JgU+yVRyMQ5O8bD4Kcci7BS85f93veegeCPkL8R4GLClnjLFw==}

  fetch-blob@3.2.0:
    resolution: {integrity: sha512-7yAQpD2UMJzLi1Dqv7qFYnPbaPx7ZfFK6PiIxQ4PfkGPyNyl2Ugx+a/umUonmKqjhM4DnfbMvdX6otXq83soQQ==}
    engines: {node: ^12.20 || >= 14.13}

  formdata-polyfill@4.0.10:
    resolution: {integrity: sha512-buewHzMvYL29jdeQTVILecSaZKnt/RJWjoZCF5OW60Z67/GmSLBkOFM7qh1PI3zFNtJbaZL5eQu1vLfazOwj4g==}
    engines: {node: '>=12.20.0'}

  graceful-fs@4.2.11:
    resolution: {integrity: sha512-RbJ5/jmFcNNCcDV5o9eTnBLJ/HszWV0P73bc+Ff4nS/rJj+YaS6IGyiOL0VoBYX+l1Wrl3k63h/KrH+nhJ0XvQ==}

  js-tokens@4.0.0:
    resolution: {integrity: sha512-RdJUflcE3cUzKiMqQgsCu06FPu9UdIJO0beYbPhHN4k6apgJtifcoCtT9bcxOpYBtpD2kCM6Sbzg4CausW/PKQ==}

  json-stringify-safe@5.0.1:
    resolution: {integrity: sha512-ZClg6AaYvamvYEE82d3Iyd3vSSIjQ+odgjaTzRuO3s7toCdFKczob2i0zCh7JE8kWn17yvAWhUVxvqGwUalsRA==}

  loose-envify@1.4.0:
    resolution: {integrity: sha512-lyuxPGr/Wfhrlem2CL/UcnUc1zcqKAImBDzukY7Y5F/yQiNdko6+fRLevlw1HgMySw7f611UIY408EtxRSoK3Q==}
    hasBin: true

  mock-socket@9.3.1:
    resolution: {integrity: sha512-qxBgB7Qa2sEQgHFjj0dSigq7fX4k6Saisd5Nelwp2q8mlbAFh5dHV9JTTlF8viYJLSSWgMCZFUom8PJcMNBoJw==}
    engines: {node: '>= 8'}

  ms@2.1.3:
    resolution: {integrity: sha512-6FlzubTLZG3J2a/NVCAleEhjzq5oxgHyaCU9yYXvcLsvoVaHJq/s5xXI6/XXP6tz7R9xAOtHnSO/tXtF3WRTlA==}

  nanoid@3.3.11:
    resolution: {integrity: sha512-N8SpfPUnUp1bK+PMYW8qSWdl9U+wwNWI4QKxOYDy9JAro3WMX7p2OeVRF9v+347pnakNevPmiHhNmZ2HbFA76w==}
    engines: {node: ^10 || ^12 || ^13.7 || ^14 || >=15.0.1}
    hasBin: true

  next@14.2.35:
    resolution: {integrity: sha512-KhYd2Hjt/O1/1aZVX3dCwGXM1QmOV4eNM2UTacK5gipDdPN/oHHK/4oVGy7X8GMfPMsUTUEmGlsy0EY1YGAkig==}
    engines: {node: '>=18.17.0'}
    hasBin: true
    peerDependencies:
      '@opentelemetry/api': ^1.1.0
      '@playwright/test': ^1.41.2
      react: ^18.2.0
      react-dom: ^18.2.0
      sass: ^1.3.0
    peerDependenciesMeta:
      '@opentelemetry/api':
        optional: true
      '@playwright/test':
        optional: true
      sass:
        optional: true

  nock@13.5.6:
    resolution: {integrity: sha512-o2zOYiCpzRqSzPj0Zt/dQ/DqZeYoaQ7TUonc/xUPjCGl9WeHpNbxgVvOquXYAaJzI0M9BXV3HTzG0p8IUAbBTQ==}
    engines: {node: '>= 10.13'}

  node-domexception@1.0.0:
    resolution: {integrity: sha512-/jKZoMpw0F8GRwl4/eLROPA3cfcXtLApP0QzLmUT/HuPCZWyB7IY9ZrMeKw2O/nFIqPQB3PVM9aYm0F312AXDQ==}
    engines: {node: '>=10.5.0'}
    deprecated: Use your platform's native DOMException instead

  node-fetch@3.3.2:
    resolution: {integrity: sha512-dRB78srN/l6gqWulah9SrxeYnxeddIG30+GOqK/9OlLVyLg3HPnr6SqOWTWOXKRwC2eGYCkZ59NNuSgvSrpgOA==}
    engines: {node: ^12.20.0 || ^14.13.1 || >=16.0.0}

  picocolors@1.1.1:
    resolution: {integrity: sha512-xceH2snhtb5M9liqDsmEw56le376mTZkEX/jEb/RxNFyegNul7eNslCXP9FDj/Lcu0X8KEyMceP2ntpaHrDEVA==}

  postcss@8.4.31:
    resolution: {integrity: sha512-PS08Iboia9mts/2ygV3eLpY5ghnUcfLV/EXTOW1E2qYxJKGGBUtNjN76FYHnMs36RmARn41bC0AZmn+rR0OVpQ==}
    engines: {node: ^10 || ^12 || >=14}

  propagate@2.0.1:
    resolution: {integrity: sha512-vGrhOavPSTz4QVNuBNdcNXePNdNMaO1xj9yBeH1ScQPjk/rhg9sSlCXPhMkFuaNNW/syTvYqsnbIJxMBfRbbag==}
    engines: {node: '>= 8'}

  react-dom@18.3.1:
    resolution: {integrity: sha512-5m4nQKp+rZRb09LNH59GM4BxTh9251/ylbKIbpe7TpGxfJ+9kv6BLkLBXIjjspbgbnIBNqlI23tRnTWT0snUIw==}
    peerDependencies:
      react: ^18.3.1

  react@18.3.1:
    resolution: {integrity: sha512-wS+hAgJShR0KhEvPJArfuPVN1+Hz1t0Y6n5jLrGQbkb4urgPE/0Rve+1kMB1v/oWgHgm4WIcV+i7F2pTVj+2iQ==}
    engines: {node: '>=0.10.0'}

  rxjs@7.8.2:
    resolution: {integrity: sha512-dhKf903U/PQZY6boNNtAGdWbG85WAbjT/1xYoZIC7FAY0yWapOBQVsVrDl58W86//e1VpMNBtRV4MaXfdMySFA==}

  scale-ts@1.6.1:
    resolution: {integrity: sha512-PBMc2AWc6wSEqJYBDPcyCLUj9/tMKnLX70jLOSndMtcUoLQucP/DM0vnQo1wJAYjTrQiq8iG9rD0q6wFzgjH7g==}

  scheduler@0.23.2:
    resolution: {integrity: sha512-UOShsPwz7NrMUqhR6t0hWjFduvOzbtv7toDH1/hIrfRNIDBnnBWd0CwJTGvTpngVlmwGCdP9/Zl/tVrDqcuYzQ==}

  smoldot@2.0.26:
    resolution: {integrity: sha512-F+qYmH4z2s2FK+CxGj8moYcd1ekSIKH8ywkdqlOz88Dat35iB1DIYL11aILN46YSGMzQW/lbJNS307zBSDN5Ig==}

  source-map-js@1.2.1:
    resolution: {integrity: sha512-UXWMKhLOwVKb728IUtQPXxfYU+usdybtUrK/8uGE8CQMvrhOpwvzDBwj0QhSL7MQc7vIsISBG8VQ8+IDQxpfQA==}
    engines: {node: '>=0.10.0'}

  streamsearch@1.1.0:
    resolution: {integrity: sha512-Mcc5wHehp9aXz1ax6bZUyY5afg9u2rv5cqQI3mRrYkGC8rW2hM02jWuwjtL++LS5qinSyhj2QfLyNsuc+VsExg==}
    engines: {node: '>=10.0.0'}

  styled-jsx@5.1.1:
    resolution: {integrity: sha512-pW7uC1l4mBZ8ugbiZrcIsiIvVx1UmTfw7UkC3Um2tmfUq9Bhk8IiyEIPl6F8agHgjzku6j0xQEZbfA5uSgSaCw==}
    engines: {node: '>= 12.0.0'}
    peerDependencies:
      '@babel/core': '*'
      babel-plugin-macros: '*'
      react: '>= 16.8.0 || 17.x.x || ^18.0.0-0'
    peerDependenciesMeta:
      '@babel/core':
        optional: true
      babel-plugin-macros:
        optional: true

  tslib@2.8.1:
    resolution: {integrity: sha512-oJFu94HQb+KVduSUQL7wnpmqnfmLsOA/nAh6b6EH0wCEoK0/mPeXU6c3wKDV83MkOuHPRHtSXKKU99IBazS/2w==}

  typescript@5.9.3:
    resolution: {integrity: sha512-jl1vZzPDinLr9eUt3J/t7V6FgNEw9QjvBPdysz9KfQDD41fQrC2Y4vKQdiaUpFT4bXlb1RHhLpp8wtm6M5TgSw==}
    engines: {node: '>=14.17'}
    hasBin: true

  undici-types@6.21.0:
    resolution: {integrity: sha512-iwDZqg0QAGrg9Rav5H4n0M64c3mkR59cJ6wQp+7C4nI0gsmExaedaYLNO44eT4AtBBwjbTiGPMlt2Md0T9H9JQ==}

  web-streams-polyfill@3.3.3:
    resolution: {integrity: sha512-d2JWLCivmZYTSIoge9MsgFCZrt571BikcWGYkjC1khllbTeDlGqZ2D8vD8E/lJa8WGWbb7Plm8/XJYV7IJHZZw==}
    engines: {node: '>= 8'}

  ws@8.19.0:
    resolution: {integrity: sha512-blAT2mjOEIi0ZzruJfIhb3nps74PRWTCz1IjglWEEpQl5XS/UNama6u2/rjFkDDouqr4L67ry+1aGIALViWjDg==}
    engines: {node: '>=10.0.0'}
    peerDependencies:
      bufferutil: ^4.0.1
      utf-8-validate: '>=5.0.2'
    peerDependenciesMeta:
      bufferutil:
        optional: true
      utf-8-validate:
        optional: true

snapshots:

  '@next/env@14.2.35': {}

  '@next/swc-darwin-arm64@14.2.33':
    optional: true

  '@next/swc-darwin-x64@14.2.33':
    optional: true

  '@next/swc-linux-arm64-gnu@14.2.33':
    optional: true

  '@next/swc-linux-arm64-musl@14.2.33':
    optional: true

  '@next/swc-linux-x64-gnu@14.2.33':
    optional: true

  '@next/swc-linux-x64-musl@14.2.33':
    optional: true

  '@next/swc-win32-arm64-msvc@14.2.33':
    optional: true

  '@next/swc-win32-ia32-msvc@14.2.33':
    optional: true

  '@next/swc-win32-x64-msvc@14.2.33':
    optional: true

  '@noble/curves@1.9.7':
    dependencies:
      '@noble/hashes': 1.8.0

  '@noble/hashes@1.8.0': {}

  '@polkadot-api/json-rpc-provider-proxy@0.1.0':
    optional: true

  '@polkadot-api/json-rpc-provider@0.0.1':
    optional: true

  '@polkadot-api/metadata-builders@0.3.2':
    dependencies:
      '@polkadot-api/substrate-bindings': 0.6.0
      '@polkadot-api/utils': 0.1.0
    optional: true

  '@polkadot-api/observable-client@0.3.2(@polkadot-api/substrate-client@0.1.4)(rxjs@7.8.2)':
    dependencies:
      '@polkadot-api/metadata-builders': 0.3.2
      '@polkadot-api/substrate-bindings': 0.6.0
      '@polkadot-api/substrate-client': 0.1.4
      '@polkadot-api/utils': 0.1.0
      rxjs: 7.8.2
    optional: true

  '@polkadot-api/substrate-bindings@0.6.0':
    dependencies:
      '@noble/hashes': 1.8.0
      '@polkadot-api/utils': 0.1.0
      '@scure/base': 1.2.6
      scale-ts: 1.6.1
    optional: true

  '@polkadot-api/substrate-client@0.1.4':
    dependencies:
      '@polkadot-api/json-rpc-provider': 0.0.1
      '@polkadot-api/utils': 0.1.0
    optional: true

  '@polkadot-api/utils@0.1.0':
    optional: true

  '@polkadot/api-augment@16.5.4':
    dependencies:
      '@polkadot/api-base': 16.5.4
      '@polkadot/rpc-augment': 16.5.4
      '@polkadot/types': 16.5.4
      '@polkadot/types-augment': 16.5.4
      '@polkadot/types-codec': 16.5.4
      '@polkadot/util': 14.0.1
      tslib: 2.8.1
    transitivePeerDependencies:
      - bufferutil
      - supports-color
      - utf-8-validate

  '@polkadot/api-base@16.5.4':
    dependencies:
      '@polkadot/rpc-core': 16.5.4
      '@polkadot/types': 16.5.4
      '@polkadot/util': 14.0.1
      rxjs: 7.8.2
      tslib: 2.8.1
    transitivePeerDependencies:
      - bufferutil
      - supports-color
      - utf-8-validate

  '@polkadot/api-derive@16.5.4':
    dependencies:
      '@polkadot/api': 16.5.4
      '@polkadot/api-augment': 16.5.4
      '@polkadot/api-base': 16.5.4
      '@polkadot/rpc-core': 16.5.4
      '@polkadot/types': 16.5.4
      '@polkadot/types-codec': 16.5.4
      '@polkadot/util': 14.0.1
      '@polkadot/util-crypto': 14.0.1(@polkadot/util@14.0.1)
      rxjs: 7.8.2
      tslib: 2.8.1
    transitivePeerDependencies:
      - bufferutil
      - supports-color
      - utf-8-validate

  '@polkadot/api@16.5.4':
    dependencies:
      '@polkadot/api-augment': 16.5.4
      '@polkadot/api-base': 16.5.4
      '@polkadot/api-derive': 16.5.4
      '@polkadot/keyring': 14.0.1(@polkadot/util-crypto@14.0.1(@polkadot/util@14.0.1))(@polkadot/util@14.0.1)
      '@polkadot/rpc-augment': 16.5.4
      '@polkadot/rpc-core': 16.5.4
      '@polkadot/rpc-provider': 16.5.4
      '@polkadot/types': 16.5.4
      '@polkadot/types-augment': 16.5.4
      '@polkadot/types-codec': 16.5.4
      '@polkadot/types-create': 16.5.4
      '@polkadot/types-known': 16.5.4
      '@polkadot/util': 14.0.1
      '@polkadot/util-crypto': 14.0.1(@polkadot/util@14.0.1)
      eventemitter3: 5.0.4
      rxjs: 7.8.2
      tslib: 2.8.1
    transitivePeerDependencies:
      - bufferutil
      - supports-color
      - utf-8-validate

  '@polkadot/extension-dapp@0.62.6(@polkadot/api@16.5.4)(@polkadot/util-crypto@14.0.1(@polkadot/util@14.0.1))(@polkadot/util@14.0.1)':
    dependencies:
      '@polkadot/api': 16.5.4
      '@polkadot/extension-inject': 0.62.6(@polkadot/api@16.5.4)(@polkadot/util@14.0.1)
      '@polkadot/util': 14.0.1
      '@polkadot/util-crypto': 14.0.1(@polkadot/util@14.0.1)
      tslib: 2.8.1
    transitivePeerDependencies:
      - bufferutil
      - supports-color
      - utf-8-validate

  '@polkadot/extension-inject@0.62.6(@polkadot/api@16.5.4)(@polkadot/util@14.0.1)':
    dependencies:
      '@polkadot/api': 16.5.4
      '@polkadot/rpc-provider': 16.5.4
      '@polkadot/types': 16.5.4
      '@polkadot/util': 14.0.1
      '@polkadot/util-crypto': 13.5.9(@polkadot/util@14.0.1)
      '@polkadot/x-global': 13.5.9
      tslib: 2.8.1
    transitivePeerDependencies:
      - bufferutil
      - supports-color
      - utf-8-validate

  '@polkadot/keyring@14.0.1(@polkadot/util-crypto@14.0.1(@polkadot/util@14.0.1))(@polkadot/util@14.0.1)':
    dependencies:
      '@polkadot/util': 14.0.1
      '@polkadot/util-crypto': 14.0.1(@polkadot/util@14.0.1)
      tslib: 2.8.1

  '@polkadot/networks@13.5.9':
    dependencies:
      '@polkadot/util': 13.5.9
      '@substrate/ss58-registry': 1.51.0
      tslib: 2.8.1

  '@polkadot/networks@14.0.1':
    dependencies:
      '@polkadot/util': 14.0.1
      '@substrate/ss58-registry': 1.51.0
      tslib: 2.8.1

  '@polkadot/rpc-augment@16.5.4':
    dependencies:
      '@polkadot/rpc-core': 16.5.4
      '@polkadot/types': 16.5.4
      '@polkadot/types-codec': 16.5.4
      '@polkadot/util': 14.0.1
      tslib: 2.8.1
    transitivePeerDependencies:
      - bufferutil
      - supports-color
      - utf-8-validate

  '@polkadot/rpc-core@16.5.4':
    dependencies:
      '@polkadot/rpc-augment': 16.5.4
      '@polkadot/rpc-provider': 16.5.4
      '@polkadot/types': 16.5.4
      '@polkadot/util': 14.0.1
      rxjs: 7.8.2
      tslib: 2.8.1
    transitivePeerDependencies:
      - bufferutil
      - supports-color
      - utf-8-validate

  '@polkadot/rpc-provider@16.5.4':
    dependencies:
      '@polkadot/keyring': 14.0.1(@polkadot/util-crypto@14.0.1(@polkadot/util@14.0.1))(@polkadot/util@14.0.1)
      '@polkadot/types': 16.5.4
      '@polkadot/types-support': 16.5.4
      '@polkadot/util': 14.0.1
      '@polkadot/util-crypto': 14.0.1(@polkadot/util@14.0.1)
      '@polkadot/x-fetch': 14.0.1
      '@polkadot/x-global': 14.0.1
      '@polkadot/x-ws': 14.0.1
      eventemitter3: 5.0.4
      mock-socket: 9.3.1
      nock: 13.5.6
      tslib: 2.8.1
    optionalDependencies:
      '@substrate/connect': 0.8.11
    transitivePeerDependencies:
      - bufferutil
      - supports-color
      - utf-8-validate

  '@polkadot/types-augment@16.5.4':
    dependencies:
      '@polkadot/types': 16.5.4
      '@polkadot/types-codec': 16.5.4
      '@polkadot/util': 14.0.1
      tslib: 2.8.1

  '@polkadot/types-codec@16.5.4':
    dependencies:
      '@polkadot/util': 14.0.1
      '@polkadot/x-bigint': 14.0.1
      tslib: 2.8.1

  '@polkadot/types-create@16.5.4':
    dependencies:
      '@polkadot/types-codec': 16.5.4
      '@polkadot/util': 14.0.1
      tslib: 2.8.1

  '@polkadot/types-known@16.5.4':
    dependencies:
      '@polkadot/networks': 14.0.1
      '@polkadot/types': 16.5.4
      '@polkadot/types-codec': 16.5.4
      '@polkadot/types-create': 16.5.4
      '@polkadot/util': 14.0.1
      tslib: 2.8.1

  '@polkadot/types-support@16.5.4':
    dependencies:
      '@polkadot/util': 14.0.1
      tslib: 2.8.1

  '@polkadot/types@16.5.4':
    dependencies:
      '@polkadot/keyring': 14.0.1(@polkadot/util-crypto@14.0.1(@polkadot/util@14.0.1))(@polkadot/util@14.0.1)
      '@polkadot/types-augment': 16.5.4
      '@polkadot/types-codec': 16.5.4
      '@polkadot/types-create': 16.5.4
      '@polkadot/util': 14.0.1
      '@polkadot/util-crypto': 14.0.1(@polkadot/util@14.0.1)
      rxjs: 7.8.2
      tslib: 2.8.1

  '@polkadot/util-crypto@13.5.9(@polkadot/util@14.0.1)':
    dependencies:
      '@noble/curves': 1.9.7
      '@noble/hashes': 1.8.0
      '@polkadot/networks': 13.5.9
      '@polkadot/util': 14.0.1
      '@polkadot/wasm-crypto': 7.5.4(@polkadot/util@14.0.1)(@polkadot/x-randomvalues@13.5.9(@polkadot/util@14.0.1)(@polkadot/wasm-util@7.5.4(@polkadot/util@14.0.1)))
      '@polkadot/wasm-util': 7.5.4(@polkadot/util@14.0.1)
      '@polkadot/x-bigint': 13.5.9
      '@polkadot/x-randomvalues': 13.5.9(@polkadot/util@14.0.1)(@polkadot/wasm-util@7.5.4(@polkadot/util@14.0.1))
      '@scure/base': 1.2.6
      tslib: 2.8.1

  '@polkadot/util-crypto@14.0.1(@polkadot/util@14.0.1)':
    dependencies:
      '@noble/curves': 1.9.7
      '@noble/hashes': 1.8.0
      '@polkadot/networks': 14.0.1
      '@polkadot/util': 14.0.1
      '@polkadot/wasm-crypto': 7.5.4(@polkadot/util@14.0.1)(@polkadot/x-randomvalues@14.0.1(@polkadot/util@14.0.1)(@polkadot/wasm-util@7.5.4(@polkadot/util@14.0.1)))
      '@polkadot/wasm-util': 7.5.4(@polkadot/util@14.0.1)
      '@polkadot/x-bigint': 14.0.1
      '@polkadot/x-randomvalues': 14.0.1(@polkadot/util@14.0.1)(@polkadot/wasm-util@7.5.4(@polkadot/util@14.0.1))
      '@scure/base': 1.2.6
      '@scure/sr25519': 0.2.0
      tslib: 2.8.1

  '@polkadot/util@13.5.9':
    dependencies:
      '@polkadot/x-bigint': 13.5.9
      '@polkadot/x-global': 13.5.9
      '@polkadot/x-textdecoder': 13.5.9
      '@polkadot/x-textencoder': 13.5.9
      '@types/bn.js': 5.2.0
      bn.js: 5.2.2
      tslib: 2.8.1

  '@polkadot/util@14.0.1':
    dependencies:
      '@polkadot/x-bigint': 14.0.1
      '@polkadot/x-global': 14.0.1
      '@polkadot/x-textdecoder': 14.0.1
      '@polkadot/x-textencoder': 14.0.1
      '@types/bn.js': 5.2.0
      bn.js: 5.2.2
      tslib: 2.8.1

  '@polkadot/wasm-bridge@7.5.4(@polkadot/util@14.0.1)(@polkadot/x-randomvalues@13.5.9(@polkadot/util@14.0.1)(@polkadot/wasm-util@7.5.4(@polkadot/util@14.0.1)))':
    dependencies:
      '@polkadot/util': 14.0.1
      '@polkadot/wasm-util': 7.5.4(@polkadot/util@14.0.1)
      '@polkadot/x-randomvalues': 13.5.9(@polkadot/util@14.0.1)(@polkadot/wasm-util@7.5.4(@polkadot/util@14.0.1))
      tslib: 2.8.1

  '@polkadot/wasm-bridge@7.5.4(@polkadot/util@14.0.1)(@polkadot/x-randomvalues@14.0.1(@polkadot/util@14.0.1)(@polkadot/wasm-util@7.5.4(@polkadot/util@14.0.1)))':
    dependencies:
      '@polkadot/util': 14.0.1
      '@polkadot/wasm-util': 7.5.4(@polkadot/util@14.0.1)
      '@polkadot/x-randomvalues': 14.0.1(@polkadot/util@14.0.1)(@polkadot/wasm-util@7.5.4(@polkadot/util@14.0.1))
      tslib: 2.8.1

  '@polkadot/wasm-crypto-asmjs@7.5.4(@polkadot/util@14.0.1)':
    dependencies:
      '@polkadot/util': 14.0.1
      tslib: 2.8.1

  '@polkadot/wasm-crypto-init@7.5.4(@polkadot/util@14.0.1)(@polkadot/x-randomvalues@13.5.9(@polkadot/util@14.0.1)(@polkadot/wasm-util@7.5.4(@polkadot/util@14.0.1)))':
    dependencies:
      '@polkadot/util': 14.0.1
      '@polkadot/wasm-bridge': 7.5.4(@polkadot/util@14.0.1)(@polkadot/x-randomvalues@13.5.9(@polkadot/util@14.0.1)(@polkadot/wasm-util@7.5.4(@polkadot/util@14.0.1)))
      '@polkadot/wasm-crypto-asmjs': 7.5.4(@polkadot/util@14.0.1)
      '@polkadot/wasm-crypto-wasm': 7.5.4(@polkadot/util@14.0.1)
      '@polkadot/wasm-util': 7.5.4(@polkadot/util@14.0.1)
      '@polkadot/x-randomvalues': 13.5.9(@polkadot/util@14.0.1)(@polkadot/wasm-util@7.5.4(@polkadot/util@14.0.1))
      tslib: 2.8.1

  '@polkadot/wasm-crypto-init@7.5.4(@polkadot/util@14.0.1)(@polkadot/x-randomvalues@14.0.1(@polkadot/util@14.0.1)(@polkadot/wasm-util@7.5.4(@polkadot/util@14.0.1)))':
    dependencies:
      '@polkadot/util': 14.0.1
      '@polkadot/wasm-bridge': 7.5.4(@polkadot/util@14.0.1)(@polkadot/x-randomvalues@14.0.1(@polkadot/util@14.0.1)(@polkadot/wasm-util@7.5.4(@polkadot/util@14.0.1)))
      '@polkadot/wasm-crypto-asmjs': 7.5.4(@polkadot/util@14.0.1)
      '@polkadot/wasm-crypto-wasm': 7.5.4(@polkadot/util@14.0.1)
      '@polkadot/wasm-util': 7.5.4(@polkadot/util@14.0.1)
      '@polkadot/x-randomvalues': 14.0.1(@polkadot/util@14.0.1)(@polkadot/wasm-util@7.5.4(@polkadot/util@14.0.1))
      tslib: 2.8.1

  '@polkadot/wasm-crypto-wasm@7.5.4(@polkadot/util@14.0.1)':
    dependencies:
      '@polkadot/util': 14.0.1
      '@polkadot/wasm-util': 7.5.4(@polkadot/util@14.0.1)
      tslib: 2.8.1

  '@polkadot/wasm-crypto@7.5.4(@polkadot/util@14.0.1)(@polkadot/x-randomvalues@13.5.9(@polkadot/util@14.0.1)(@polkadot/wasm-util@7.5.4(@polkadot/util@14.0.1)))':
    dependencies:
      '@polkadot/util': 14.0.1
      '@polkadot/wasm-bridge': 7.5.4(@polkadot/util@14.0.1)(@polkadot/x-randomvalues@13.5.9(@polkadot/util@14.0.1)(@polkadot/wasm-util@7.5.4(@polkadot/util@14.0.1)))
      '@polkadot/wasm-crypto-asmjs': 7.5.4(@polkadot/util@14.0.1)
      '@polkadot/wasm-crypto-init': 7.5.4(@polkadot/util@14.0.1)(@polkadot/x-randomvalues@13.5.9(@polkadot/util@14.0.1)(@polkadot/wasm-util@7.5.4(@polkadot/util@14.0.1)))
      '@polkadot/wasm-crypto-wasm': 7.5.4(@polkadot/util@14.0.1)
      '@polkadot/wasm-util': 7.5.4(@polkadot/util@14.0.1)
      '@polkadot/x-randomvalues': 13.5.9(@polkadot/util@14.0.1)(@polkadot/wasm-util@7.5.4(@polkadot/util@14.0.1))
      tslib: 2.8.1

  '@polkadot/wasm-crypto@7.5.4(@polkadot/util@14.0.1)(@polkadot/x-randomvalues@14.0.1(@polkadot/util@14.0.1)(@polkadot/wasm-util@7.5.4(@polkadot/util@14.0.1)))':
    dependencies:
      '@polkadot/util': 14.0.1
      '@polkadot/wasm-bridge': 7.5.4(@polkadot/util@14.0.1)(@polkadot/x-randomvalues@14.0.1(@polkadot/util@14.0.1)(@polkadot/wasm-util@7.5.4(@polkadot/util@14.0.1)))
      '@polkadot/wasm-crypto-asmjs': 7.5.4(@polkadot/util@14.0.1)
      '@polkadot/wasm-crypto-init': 7.5.4(@polkadot/util@14.0.1)(@polkadot/x-randomvalues@14.0.1(@polkadot/util@14.0.1)(@polkadot/wasm-util@7.5.4(@polkadot/util@14.0.1)))
      '@polkadot/wasm-crypto-wasm': 7.5.4(@polkadot/util@14.0.1)
      '@polkadot/wasm-util': 7.5.4(@polkadot/util@14.0.1)
      '@polkadot/x-randomvalues': 14.0.1(@polkadot/util@14.0.1)(@polkadot/wasm-util@7.5.4(@polkadot/util@14.0.1))
      tslib: 2.8.1

  '@polkadot/wasm-util@7.5.4(@polkadot/util@14.0.1)':
    dependencies:
      '@polkadot/util': 14.0.1
      tslib: 2.8.1

  '@polkadot/x-bigint@13.5.9':
    dependencies:
      '@polkadot/x-global': 13.5.9
      tslib: 2.8.1

  '@polkadot/x-bigint@14.0.1':
    dependencies:
      '@polkadot/x-global': 14.0.1
      tslib: 2.8.1

  '@polkadot/x-fetch@14.0.1':
    dependencies:
      '@polkadot/x-global': 14.0.1
      node-fetch: 3.3.2
      tslib: 2.8.1

  '@polkadot/x-global@13.5.9':
    dependencies:
      tslib: 2.8.1

  '@polkadot/x-global@14.0.1':
    dependencies:
      tslib: 2.8.1

  '@polkadot/x-randomvalues@13.5.9(@polkadot/util@14.0.1)(@polkadot/wasm-util@7.5.4(@polkadot/util@14.0.1))':
    dependencies:
      '@polkadot/util': 14.0.1
      '@polkadot/wasm-util': 7.5.4(@polkadot/util@14.0.1)
      '@polkadot/x-global': 13.5.9
      tslib: 2.8.1

  '@polkadot/x-randomvalues@14.0.1(@polkadot/util@14.0.1)(@polkadot/wasm-util@7.5.4(@polkadot/util@14.0.1))':
    dependencies:
      '@polkadot/util': 14.0.1
      '@polkadot/wasm-util': 7.5.4(@polkadot/util@14.0.1)
      '@polkadot/x-global': 14.0.1
      tslib: 2.8.1

  '@polkadot/x-textdecoder@13.5.9':
    dependencies:
      '@polkadot/x-global': 13.5.9
      tslib: 2.8.1

  '@polkadot/x-textdecoder@14.0.1':
    dependencies:
      '@polkadot/x-global': 14.0.1
      tslib: 2.8.1

  '@polkadot/x-textencoder@13.5.9':
    dependencies:
      '@polkadot/x-global': 13.5.9
      tslib: 2.8.1

  '@polkadot/x-textencoder@14.0.1':
    dependencies:
      '@polkadot/x-global': 14.0.1
      tslib: 2.8.1

  '@polkadot/x-ws@14.0.1':
    dependencies:
      '@polkadot/x-global': 14.0.1
      tslib: 2.8.1
      ws: 8.19.0
    transitivePeerDependencies:
      - bufferutil
      - utf-8-validate

  '@scure/base@1.2.6': {}

  '@scure/sr25519@0.2.0':
    dependencies:
      '@noble/curves': 1.9.7
      '@noble/hashes': 1.8.0

  '@substrate/connect-extension-protocol@2.2.2':
    optional: true

  '@substrate/connect-known-chains@1.10.3':
    optional: true

  '@substrate/connect@0.8.11':
    dependencies:
      '@substrate/connect-extension-protocol': 2.2.2
      '@substrate/connect-known-chains': 1.10.3
      '@substrate/light-client-extension-helpers': 1.0.0(smoldot@2.0.26)
      smoldot: 2.0.26
    transitivePeerDependencies:
      - bufferutil
      - utf-8-validate
    optional: true

  '@substrate/light-client-extension-helpers@1.0.0(smoldot@2.0.26)':
    dependencies:
      '@polkadot-api/json-rpc-provider': 0.0.1
      '@polkadot-api/json-rpc-provider-proxy': 0.1.0
      '@polkadot-api/observable-client': 0.3.2(@polkadot-api/substrate-client@0.1.4)(rxjs@7.8.2)
      '@polkadot-api/substrate-client': 0.1.4
      '@substrate/connect-extension-protocol': 2.2.2
      '@substrate/connect-known-chains': 1.10.3
      rxjs: 7.8.2
      smoldot: 2.0.26
    optional: true

  '@substrate/ss58-registry@1.51.0': {}

  '@swc/counter@0.1.3': {}

  '@swc/helpers@0.5.5':
    dependencies:
      '@swc/counter': 0.1.3
      tslib: 2.8.1

  '@types/bn.js@5.2.0':
    dependencies:
      '@types/node': 20.19.32

  '@types/node@20.19.32':
    dependencies:
      undici-types: 6.21.0

  '@types/prop-types@15.7.15': {}

  '@types/react-dom@18.3.7(@types/react@18.3.28)':
    dependencies:
      '@types/react': 18.3.28

  '@types/react@18.3.28':
    dependencies:
      '@types/prop-types': 15.7.15
      csstype: 3.2.3

  bn.js@5.2.2: {}

  busboy@1.6.0:
    dependencies:
      streamsearch: 1.1.0

  caniuse-lite@1.0.30001769: {}

  client-only@0.0.1: {}

  csstype@3.2.3: {}

  data-uri-to-buffer@4.0.1: {}

  debug@4.4.3:
    dependencies:
      ms: 2.1.3

  eventemitter3@5.0.4: {}

  fetch-blob@3.2.0:
    dependencies:
      node-domexception: 1.0.0
      web-streams-polyfill: 3.3.3

  formdata-polyfill@4.0.10:
    dependencies:
      fetch-blob: 3.2.0

  graceful-fs@4.2.11: {}

  js-tokens@4.0.0: {}

  json-stringify-safe@5.0.1: {}

  loose-envify@1.4.0:
    dependencies:
      js-tokens: 4.0.0

  mock-socket@9.3.1: {}

  ms@2.1.3: {}

  nanoid@3.3.11: {}

  next@14.2.35(react-dom@18.3.1(react@18.3.1))(react@18.3.1):
    dependencies:
      '@next/env': 14.2.35
      '@swc/helpers': 0.5.5
      busboy: 1.6.0
      caniuse-lite: 1.0.30001769
      graceful-fs: 4.2.11
      postcss: 8.4.31
      react: 18.3.1
      react-dom: 18.3.1(react@18.3.1)
      styled-jsx: 5.1.1(react@18.3.1)
    optionalDependencies:
      '@next/swc-darwin-arm64': 14.2.33
      '@next/swc-darwin-x64': 14.2.33
      '@next/swc-linux-arm64-gnu': 14.2.33
      '@next/swc-linux-arm64-musl': 14.2.33
      '@next/swc-linux-x64-gnu': 14.2.33
      '@next/swc-linux-x64-musl': 14.2.33
      '@next/swc-win32-arm64-msvc': 14.2.33
      '@next/swc-win32-ia32-msvc': 14.2.33
      '@next/swc-win32-x64-msvc': 14.2.33
    transitivePeerDependencies:
      - '@babel/core'
      - babel-plugin-macros

  nock@13.5.6:
    dependencies:
      debug: 4.4.3
      json-stringify-safe: 5.0.1
      propagate: 2.0.1
    transitivePeerDependencies:
      - supports-color

  node-domexception@1.0.0: {}

  node-fetch@3.3.2:
    dependencies:
      data-uri-to-buffer: 4.0.1
      fetch-blob: 3.2.0
      formdata-polyfill: 4.0.10

  picocolors@1.1.1: {}

  postcss@8.4.31:
    dependencies:
      nanoid: 3.3.11
      picocolors: 1.1.1
      source-map-js: 1.2.1

  propagate@2.0.1: {}

  react-dom@18.3.1(react@18.3.1):
    dependencies:
      loose-envify: 1.4.0
      react: 18.3.1
      scheduler: 0.23.2

  react@18.3.1:
    dependencies:
      loose-envify: 1.4.0

  rxjs@7.8.2:
    dependencies:
      tslib: 2.8.1

  scale-ts@1.6.1:
    optional: true

  scheduler@0.23.2:
    dependencies:
      loose-envify: 1.4.0

  smoldot@2.0.26:
    dependencies:
      ws: 8.19.0
    transitivePeerDependencies:
      - bufferutil
      - utf-8-validate
    optional: true

  source-map-js@1.2.1: {}

  streamsearch@1.1.0: {}

  styled-jsx@5.1.1(react@18.3.1):
    dependencies:
      client-only: 0.0.1
      react: 18.3.1

  tslib@2.8.1: {}

  typescript@5.9.3: {}

  undici-types@6.21.0: {}

  web-streams-polyfill@3.3.3: {}

  ws@8.19.0: {}
